{
  "name": "CATS",
  "lockfileVersion": 2,
  "requires": true,
  "packages": {
    "": {
      "dependencies": {
        "date-picker-svelte": "^2.3.0"
      }
    },
    "node_modules/date-picker-svelte": {
      "version": "2.3.0",
      "resolved": "https://registry.npmjs.org/date-picker-svelte/-/date-picker-svelte-2.3.0.tgz",
      "integrity": "sha512-DgXlI+FHClWXxjt+EP2Tk37lu9nkxj3zYkNPLjcjiIq/SJhD0CIMmJa75wlXjuvDlpiQt75dMDvCIISTrMzcEQ==",
      "peerDependencies": {
        "svelte": "^3.24.0"
      }
    },
    "node_modules/svelte": {
      "version": "3.58.0",
      "resolved": "https://registry.npmjs.org/svelte/-/svelte-3.58.0.tgz",
      "integrity": "sha512-brIBNNB76mXFmU/Kerm4wFnkskBbluBDCjx/8TcpYRb298Yh2dztS2kQ6bhtjMcvUhd5ynClfwpz5h2gnzdQ1A==",
      "peer": true,
      "engines": {
        "node": ">= 8"
      }
    }
  },
  "dependencies": {
    "date-picker-svelte": {
      "version": "2.3.0",
      "resolved": "https://registry.npmjs.org/date-picker-svelte/-/date-picker-svelte-2.3.0.tgz",
      "integrity": "sha512-DgXlI+FHClWXxjt+EP2Tk37lu9nkxj3zYkNPLjcjiIq/SJhD0CIMmJa75wlXjuvDlpiQt75dMDvCIISTrMzcEQ==",
      "requires": {}
    },
    "svelte": {
      "version": "3.58.0",
      "resolved": "https://registry.npmjs.org/svelte/-/svelte-3.58.0.tgz",
      "integrity": "sha512-brIBNNB76mXFmU/Kerm4wFnkskBbluBDCjx/8TcpYRb298Yh2dztS2kQ6bhtjMcvUhd5ynClfwpz5h2gnzdQ1A==",
      "peer": true
    }
  }
}
